// !$*UTF8*$!
{
	archiveVersion = 1;
	classes = {
	};
	objectVersion = 46;
	objects = {

/* Begin PBXBuildFile section */
		92174BB71A56FD9A00E89343 /* BlockDescription.m in Sources */ = {isa = PBXBuildFile; fileRef = 92174BA81A56FD9A00E89343 /* BlockDescription.m */; };
		92174BB81A56FD9A00E89343 /* ConnectionInfo.m in Sources */ = {isa = PBXBuildFile; fileRef = 92174BAA1A56FD9A00E89343 /* ConnectionInfo.m */; };
		92174BB91A56FD9A00E89343 /* Execution_Class.m in Sources */ = {isa = PBXBuildFile; fileRef = 92174BAC1A56FD9A00E89343 /* Execution_Class.m */; };
		92174BBA1A56FD9A00E89343 /* NSObject+BlockObservation.m in Sources */ = {isa = PBXBuildFile; fileRef = 92174BAE1A56FD9A00E89343 /* NSObject+BlockObservation.m */; };
		92174BBB1A56FD9A00E89343 /* OperationInfo.m in Sources */ = {isa = PBXBuildFile; fileRef = 92174BB01A56FD9A00E89343 /* OperationInfo.m */; };
		92174BBC1A56FD9A00E89343 /* ReactiveConnectionInfo.m in Sources */ = {isa = PBXBuildFile; fileRef = 92174BB21A56FD9A00E89343 /* ReactiveConnectionInfo.m */; };
		92174BBD1A56FD9A00E89343 /* UIColor+Crayola.m in Sources */ = {isa = PBXBuildFile; fileRef = 92174BB41A56FD9A00E89343 /* UIColor+Crayola.m */; };
		92174BBE1A56FD9A00E89343 /* UIView+DebugObject.m in Sources */ = {isa = PBXBuildFile; fileRef = 92174BB61A56FD9A00E89343 /* UIView+DebugObject.m */; };
		92174BD11A56FDB000E89343 /* DFGridView.m in Sources */ = {isa = PBXBuildFile; fileRef = 92174BC01A56FDB000E89343 /* DFGridView.m */; };
		92174BD21A56FDB000E89343 /* DFNode.m in Sources */ = {isa = PBXBuildFile; fileRef = 92174BC21A56FDB000E89343 /* DFNode.m */; };
		92174BD31A56FDB000E89343 /* DFNode.xib in Resources */ = {isa = PBXBuildFile; fileRef = 92174BC31A56FDB000E89343 /* DFNode.xib */; };
		92174BD41A56FDB000E89343 /* DFOperation+Graph.m in Sources */ = {isa = PBXBuildFile; fileRef = 92174BC51A56FDB000E89343 /* DFOperation+Graph.m */; };
		92174BD51A56FDB000E89343 /* DFPort_Input.xib in Resources */ = {isa = PBXBuildFile; fileRef = 92174BC61A56FDB000E89343 /* DFPort_Input.xib */; };
		92174BD61A56FDB000E89343 /* DFPort_Output.xib in Resources */ = {isa = PBXBuildFile; fileRef = 92174BC71A56FDB000E89343 /* DFPort_Output.xib */; };
		92174BD71A56FDB000E89343 /* DFPort.m in Sources */ = {isa = PBXBuildFile; fileRef = 92174BC91A56FDB000E89343 /* DFPort.m */; };
		92174BD81A56FDB000E89343 /* DFValueNode.m in Sources */ = {isa = PBXBuildFile; fileRef = 92174BCB1A56FDB000E89343 /* DFValueNode.m */; };
		92174BD91A56FDB000E89343 /* DFValueNode.xib in Resources */ = {isa = PBXBuildFile; fileRef = 92174BCC1A56FDB000E89343 /* DFValueNode.xib */; };
		92174BDA1A56FDB000E89343 /* DFWorkspace.m in Sources */ = {isa = PBXBuildFile; fileRef = 92174BCE1A56FDB000E89343 /* DFWorkspace.m */; };
		92174BDB1A56FDB000E89343 /* DFWorkspace.xib in Resources */ = {isa = PBXBuildFile; fileRef = 92174BCF1A56FDB000E89343 /* DFWorkspace.xib */; };
		92174BDC1A56FDB000E89343 /* DFWorkspaceBlockCell.xib in Resources */ = {isa = PBXBuildFile; fileRef = 92174BD01A56FDB000E89343 /* DFWorkspaceBlockCell.xib */; };
		92174BE31A56FDC400E89343 /* ErrorRetryPolicy.m in Sources */ = {isa = PBXBuildFile; fileRef = 92174BDE1A56FDC400E89343 /* ErrorRetryPolicy.m */; };
		92174BE41A56FDC400E89343 /* LinearErrorRetryPolicy.m in Sources */ = {isa = PBXBuildFile; fileRef = 92174BE01A56FDC400E89343 /* LinearErrorRetryPolicy.m */; };
		92174BE51A56FDC400E89343 /* RandomBackoffErrorRetryPolicy.m in Sources */ = {isa = PBXBuildFile; fileRef = 92174BE21A56FDC400E89343 /* RandomBackoffErrorRetryPolicy.m */; };
		92174C2A1A56FDF000E89343 /* DFAggregatorOperation.m in Sources */ = {isa = PBXBuildFile; fileRef = 92174BE71A56FDF000E89343 /* DFAggregatorOperation.m */; };
		92174C2B1A56FDF000E89343 /* DFAndOperation.m in Sources */ = {isa = PBXBuildFile; fileRef = 92174BE91A56FDF000E89343 /* DFAndOperation.m */; };
		92174C2C1A56FDF000E89343 /* DFAnyOperation.m in Sources */ = {isa = PBXBuildFile; fileRef = 92174BEB1A56FDF000E89343 /* DFAnyOperation.m */; };
		92174C2D1A56FDF000E89343 /* DFBackgroundOperation.m in Sources */ = {isa = PBXBuildFile; fileRef = 92174BED1A56FDF000E89343 /* DFBackgroundOperation.m */; };
		92174C2E1A56FDF000E89343 /* DFCompositeOperation.m in Sources */ = {isa = PBXBuildFile; fileRef = 92174BEF1A56FDF000E89343 /* DFCompositeOperation.m */; };
		92174C2F1A56FDF000E89343 /* DFConnectorOperation.m in Sources */ = {isa = PBXBuildFile; fileRef = 92174BF11A56FDF000E89343 /* DFConnectorOperation.m */; };
		92174C301A56FDF000E89343 /* DFCoreDataOperation.m in Sources */ = {isa = PBXBuildFile; fileRef = 92174BF31A56FDF000E89343 /* DFCoreDataOperation.m */; };
		92174C311A56FDF000E89343 /* DFDelayOperation.m in Sources */ = {isa = PBXBuildFile; fileRef = 92174BF51A56FDF000E89343 /* DFDelayOperation.m */; };
		92174C321A56FDF000E89343 /* DFDropOperation.m in Sources */ = {isa = PBXBuildFile; fileRef = 92174BF71A56FDF000E89343 /* DFDropOperation.m */; };
		92174C331A56FDF000E89343 /* DFFilterOperation.m in Sources */ = {isa = PBXBuildFile; fileRef = 92174BF91A56FDF000E89343 /* DFFilterOperation.m */; };
		92174C341A56FDF000E89343 /* DFFlattenOperation.m in Sources */ = {isa = PBXBuildFile; fileRef = 92174BFB1A56FDF000E89343 /* DFFlattenOperation.m */; };
		92174C351A56FDF000E89343 /* DFGenerator.m in Sources */ = {isa = PBXBuildFile; fileRef = 92174BFD1A56FDF000E89343 /* DFGenerator.m */; };
		92174C361A56FDF000E89343 /* DFIdentityOperation.m in Sources */ = {isa = PBXBuildFile; fileRef = 92174BFF1A56FDF000E89343 /* DFIdentityOperation.m */; };
		92174C371A56FDF000E89343 /* DFIfElseOperation.m in Sources */ = {isa = PBXBuildFile; fileRef = 92174C011A56FDF000E89343 /* DFIfElseOperation.m */; };
		92174C391A56FDF000E89343 /* DFLoopOperation.m in Sources */ = {isa = PBXBuildFile; fileRef = 92174C061A56FDF000E89343 /* DFLoopOperation.m */; };
		92174C3A1A56FDF000E89343 /* DFMainOperation.m in Sources */ = {isa = PBXBuildFile; fileRef = 92174C081A56FDF000E89343 /* DFMainOperation.m */; };
		92174C3B1A56FDF000E89343 /* DFMapOperation.m in Sources */ = {isa = PBXBuildFile; fileRef = 92174C0A1A56FDF000E89343 /* DFMapOperation.m */; };
		92174C3C1A56FDF000E89343 /* DFMetaOperation.m in Sources */ = {isa = PBXBuildFile; fileRef = 92174C0D1A56FDF000E89343 /* DFMetaOperation.m */; };
		92174C3D1A56FDF000E89343 /* DFNetworkOperation.m in Sources */ = {isa = PBXBuildFile; fileRef = 92174C0F1A56FDF000E89343 /* DFNetworkOperation.m */; };
		92174C3E1A56FDF000E89343 /* DFOperation.m in Sources */ = {isa = PBXBuildFile; fileRef = 92174C121A56FDF000E89343 /* DFOperation.m */; };
		92174C3F1A56FDF000E89343 /* DFParallelOperation.m in Sources */ = {isa = PBXBuildFile; fileRef = 92174C151A56FDF000E89343 /* DFParallelOperation.m */; };
		92174C401A56FDF000E89343 /* DFPeriodicOperation.m in Sources */ = {isa = PBXBuildFile; fileRef = 92174C171A56FDF000E89343 /* DFPeriodicOperation.m */; };
		92174C411A56FDF000E89343 /* DFReactiveOperation.m in Sources */ = {isa = PBXBuildFile; fileRef = 92174C1A1A56FDF000E89343 /* DFReactiveOperation.m */; };
		92174C421A56FDF000E89343 /* DFReduceOperation.m in Sources */ = {isa = PBXBuildFile; fileRef = 92174C1C1A56FDF000E89343 /* DFReduceOperation.m */; };
		92174C431A56FDF000E89343 /* DFRetryableOperation.m in Sources */ = {isa = PBXBuildFile; fileRef = 92174C1E1A56FDF000E89343 /* DFRetryableOperation.m */; };
		92174C441A56FDF000E89343 /* DFTakeOperation.m in Sources */ = {isa = PBXBuildFile; fileRef = 92174C201A56FDF000E89343 /* DFTakeOperation.m */; };
		92174C451A56FDF000E89343 /* DFTakeWhileOperation.m in Sources */ = {isa = PBXBuildFile; fileRef = 92174C221A56FDF000E89343 /* DFTakeWhileOperation.m */; };
		92174C461A56FDF000E89343 /* DFTryCatchOperation.m in Sources */ = {isa = PBXBuildFile; fileRef = 92174C251A56FDF000E89343 /* DFTryCatchOperation.m */; };
		92174C471A56FDF000E89343 /* DFVoidObject.m in Sources */ = {isa = PBXBuildFile; fileRef = 92174C271A56FDF000E89343 /* DFVoidObject.m */; };
		92174C5F1A56FE1B00E89343 /* EXTADT.m in Sources */ = {isa = PBXBuildFile; fileRef = 92174C4A1A56FE1B00E89343 /* EXTADT.m */; };
		92174C601A56FE1B00E89343 /* EXTConcreteProtocol.m in Sources */ = {isa = PBXBuildFile; fileRef = 92174C4C1A56FE1B00E89343 /* EXTConcreteProtocol.m */; };
		92174C611A56FE1B00E89343 /* EXTNil.m in Sources */ = {isa = PBXBuildFile; fileRef = 92174C4F1A56FE1B00E89343 /* EXTNil.m */; };
		92174C621A56FE1B00E89343 /* EXTRuntimeExtensions.m in Sources */ = {isa = PBXBuildFile; fileRef = 92174C521A56FE1B00E89343 /* EXTRuntimeExtensions.m */; };
		92174C631A56FE1B00E89343 /* EXTSafeCategory.m in Sources */ = {isa = PBXBuildFile; fileRef = 92174C541A56FE1B00E89343 /* EXTSafeCategory.m */; };
		92174C641A56FE1B00E89343 /* EXTScope.m in Sources */ = {isa = PBXBuildFile; fileRef = 92174C561A56FE1B00E89343 /* EXTScope.m */; };
		92174C651A56FE1B00E89343 /* EXTSelectorChecking.m in Sources */ = {isa = PBXBuildFile; fileRef = 92174C581A56FE1B00E89343 /* EXTSelectorChecking.m */; };
		92174C661A56FE1B00E89343 /* NSInvocation+EXT.m in Sources */ = {isa = PBXBuildFile; fileRef = 92174C5C1A56FE1B00E89343 /* NSInvocation+EXT.m */; };
		92174C671A56FE1B00E89343 /* NSMethodSignature+EXT.m in Sources */ = {isa = PBXBuildFile; fileRef = 92174C5E1A56FE1B00E89343 /* NSMethodSignature+EXT.m */; };
		92174C6A1A57233800E89343 /* DFErrorObject.m in Sources */ = {isa = PBXBuildFile; fileRef = 92174C691A57233800E89343 /* DFErrorObject.m */; };
		921CB4C61A5AF57700FC4493 /* DFSelectorOperation.m in Sources */ = {isa = PBXBuildFile; fileRef = 921CB4C51A5AF57700FC4493 /* DFSelectorOperation.m */; };
		921CB4C91A5B2BE100FC4493 /* DFBufferOperation.m in Sources */ = {isa = PBXBuildFile; fileRef = 921CB4C81A5B2BE100FC4493 /* DFBufferOperation.m */; };
		924ABE541A0D2FE900EF97F5 /* NSArray+Utility.m in Sources */ = {isa = PBXBuildFile; fileRef = 924ABE531A0D2FE900EF97F5 /* NSArray+Utility.m */; };
		927E128B1A0C6D8B002DC6FB /* main.m in Sources */ = {isa = PBXBuildFile; fileRef = 927E128A1A0C6D8B002DC6FB /* main.m */; };
		927E128E1A0C6D8B002DC6FB /* AppDelegate.m in Sources */ = {isa = PBXBuildFile; fileRef = 927E128D1A0C6D8B002DC6FB /* AppDelegate.m */; };
		927E12911A0C6D8B002DC6FB /* ViewController.m in Sources */ = {isa = PBXBuildFile; fileRef = 927E12901A0C6D8B002DC6FB /* ViewController.m */; };
		927E12941A0C6D8B002DC6FB /* Main.storyboard in Resources */ = {isa = PBXBuildFile; fileRef = 927E12921A0C6D8B002DC6FB /* Main.storyboard */; };
		927E12991A0C6D8B002DC6FB /* LaunchScreen.xib in Resources */ = {isa = PBXBuildFile; fileRef = 927E12971A0C6D8B002DC6FB /* LaunchScreen.xib */; };
		927E12A51A0C6D8B002DC6FB /* RabbitProofFenceTests.m in Sources */ = {isa = PBXBuildFile; fileRef = 927E12A41A0C6D8B002DC6FB /* RabbitProofFenceTests.m */; };
		928E1EEF1A16E2050055D2AD /* OperationAssets.xcassets in Resources */ = {isa = PBXBuildFile; fileRef = 928E1EEE1A16E2050055D2AD /* OperationAssets.xcassets */; };
		928E1EF11A16E23C0055D2AD /* Images.xcassets in Resources */ = {isa = PBXBuildFile; fileRef = 928E1EF01A16E23C0055D2AD /* Images.xcassets */; };
/* End PBXBuildFile section */

/* Begin PBXContainerItemProxy section */
		927E129F1A0C6D8B002DC6FB /* PBXContainerItemProxy */ = {
			isa = PBXContainerItemProxy;
			containerPortal = 927E127D1A0C6D8B002DC6FB /* Project object */;
			proxyType = 1;
			remoteGlobalIDString = 927E12841A0C6D8B002DC6FB;
			remoteInfo = RabbitProofFence;
		};
/* End PBXContainerItemProxy section */

/* Begin PBXFileReference section */
		92174BA71A56FD9A00E89343 /* BlockDescription.h */ = {isa = PBXFileReference; fileEncoding = 4; lastKnownFileType = sourcecode.c.h; name = BlockDescription.h; path = Operations/Utility/BlockDescription.h; sourceTree = "<group>"; };
		92174BA81A56FD9A00E89343 /* BlockDescription.m */ = {isa = PBXFileReference; fileEncoding = 4; lastKnownFileType = sourcecode.c.objc; name = BlockDescription.m; path = Operations/Utility/BlockDescription.m; sourceTree = "<group>"; };
		92174BA91A56FD9A00E89343 /* ConnectionInfo.h */ = {isa = PBXFileReference; fileEncoding = 4; lastKnownFileType = sourcecode.c.h; name = ConnectionInfo.h; path = Operations/Utility/ConnectionInfo.h; sourceTree = "<group>"; };
		92174BAA1A56FD9A00E89343 /* ConnectionInfo.m */ = {isa = PBXFileReference; fileEncoding = 4; lastKnownFileType = sourcecode.c.objc; name = ConnectionInfo.m; path = Operations/Utility/ConnectionInfo.m; sourceTree = "<group>"; };
		92174BAB1A56FD9A00E89343 /* Execution_Class.h */ = {isa = PBXFileReference; fileEncoding = 4; lastKnownFileType = sourcecode.c.h; name = Execution_Class.h; path = Operations/Utility/Execution_Class.h; sourceTree = "<group>"; };
		92174BAC1A56FD9A00E89343 /* Execution_Class.m */ = {isa = PBXFileReference; fileEncoding = 4; lastKnownFileType = sourcecode.c.objc; name = Execution_Class.m; path = Operations/Utility/Execution_Class.m; sourceTree = "<group>"; };
		92174BAD1A56FD9A00E89343 /* NSObject+BlockObservation.h */ = {isa = PBXFileReference; fileEncoding = 4; lastKnownFileType = sourcecode.c.h; name = "NSObject+BlockObservation.h"; path = "Operations/Utility/NSObject+BlockObservation.h"; sourceTree = "<group>"; };
		92174BAE1A56FD9A00E89343 /* NSObject+BlockObservation.m */ = {isa = PBXFileReference; fileEncoding = 4; lastKnownFileType = sourcecode.c.objc; name = "NSObject+BlockObservation.m"; path = "Operations/Utility/NSObject+BlockObservation.m"; sourceTree = "<group>"; };
		92174BAF1A56FD9A00E89343 /* OperationInfo.h */ = {isa = PBXFileReference; fileEncoding = 4; lastKnownFileType = sourcecode.c.h; name = OperationInfo.h; path = Operations/Utility/OperationInfo.h; sourceTree = "<group>"; };
		92174BB01A56FD9A00E89343 /* OperationInfo.m */ = {isa = PBXFileReference; fileEncoding = 4; lastKnownFileType = sourcecode.c.objc; name = OperationInfo.m; path = Operations/Utility/OperationInfo.m; sourceTree = "<group>"; };
		92174BB11A56FD9A00E89343 /* ReactiveConnectionInfo.h */ = {isa = PBXFileReference; fileEncoding = 4; lastKnownFileType = sourcecode.c.h; name = ReactiveConnectionInfo.h; path = Operations/Utility/ReactiveConnectionInfo.h; sourceTree = "<group>"; };
		92174BB21A56FD9A00E89343 /* ReactiveConnectionInfo.m */ = {isa = PBXFileReference; fileEncoding = 4; lastKnownFileType = sourcecode.c.objc; name = ReactiveConnectionInfo.m; path = Operations/Utility/ReactiveConnectionInfo.m; sourceTree = "<group>"; };
		92174BB31A56FD9A00E89343 /* UIColor+Crayola.h */ = {isa = PBXFileReference; fileEncoding = 4; lastKnownFileType = sourcecode.c.h; name = "UIColor+Crayola.h"; path = "Operations/Utility/UIColor+Crayola.h"; sourceTree = "<group>"; };
		92174BB41A56FD9A00E89343 /* UIColor+Crayola.m */ = {isa = PBXFileReference; fileEncoding = 4; lastKnownFileType = sourcecode.c.objc; name = "UIColor+Crayola.m"; path = "Operations/Utility/UIColor+Crayola.m"; sourceTree = "<group>"; };
		92174BB51A56FD9A00E89343 /* UIView+DebugObject.h */ = {isa = PBXFileReference; fileEncoding = 4; lastKnownFileType = sourcecode.c.h; name = "UIView+DebugObject.h"; path = "Operations/Utility/UIView+DebugObject.h"; sourceTree = "<group>"; };
		92174BB61A56FD9A00E89343 /* UIView+DebugObject.m */ = {isa = PBXFileReference; fileEncoding = 4; lastKnownFileType = sourcecode.c.objc; name = "UIView+DebugObject.m"; path = "Operations/Utility/UIView+DebugObject.m"; sourceTree = "<group>"; };
		92174BBF1A56FDB000E89343 /* DFGridView.h */ = {isa = PBXFileReference; fileEncoding = 4; lastKnownFileType = sourcecode.c.h; name = DFGridView.h; path = Operations/Visualization/DFGridView.h; sourceTree = "<group>"; };
		92174BC01A56FDB000E89343 /* DFGridView.m */ = {isa = PBXFileReference; fileEncoding = 4; lastKnownFileType = sourcecode.c.objc; name = DFGridView.m; path = Operations/Visualization/DFGridView.m; sourceTree = "<group>"; };
		92174BC11A56FDB000E89343 /* DFNode.h */ = {isa = PBXFileReference; fileEncoding = 4; lastKnownFileType = sourcecode.c.h; name = DFNode.h; path = Operations/Visualization/DFNode.h; sourceTree = "<group>"; };
		92174BC21A56FDB000E89343 /* DFNode.m */ = {isa = PBXFileReference; fileEncoding = 4; lastKnownFileType = sourcecode.c.objc; name = DFNode.m; path = Operations/Visualization/DFNode.m; sourceTree = "<group>"; };
		92174BC31A56FDB000E89343 /* DFNode.xib */ = {isa = PBXFileReference; fileEncoding = 4; lastKnownFileType = file.xib; name = DFNode.xib; path = Operations/Visualization/DFNode.xib; sourceTree = "<group>"; };
		92174BC41A56FDB000E89343 /* DFOperation+Graph.h */ = {isa = PBXFileReference; fileEncoding = 4; lastKnownFileType = sourcecode.c.h; name = "DFOperation+Graph.h"; path = "Operations/Visualization/DFOperation+Graph.h"; sourceTree = "<group>"; };
		92174BC51A56FDB000E89343 /* DFOperation+Graph.m */ = {isa = PBXFileReference; fileEncoding = 4; lastKnownFileType = sourcecode.c.objc; name = "DFOperation+Graph.m"; path = "Operations/Visualization/DFOperation+Graph.m"; sourceTree = "<group>"; };
		92174BC61A56FDB000E89343 /* DFPort_Input.xib */ = {isa = PBXFileReference; fileEncoding = 4; lastKnownFileType = file.xib; name = DFPort_Input.xib; path = Operations/Visualization/DFPort_Input.xib; sourceTree = "<group>"; };
		92174BC71A56FDB000E89343 /* DFPort_Output.xib */ = {isa = PBXFileReference; fileEncoding = 4; lastKnownFileType = file.xib; name = DFPort_Output.xib; path = Operations/Visualization/DFPort_Output.xib; sourceTree = "<group>"; };
		92174BC81A56FDB000E89343 /* DFPort.h */ = {isa = PBXFileReference; fileEncoding = 4; lastKnownFileType = sourcecode.c.h; name = DFPort.h; path = Operations/Visualization/DFPort.h; sourceTree = "<group>"; };
		92174BC91A56FDB000E89343 /* DFPort.m */ = {isa = PBXFileReference; fileEncoding = 4; lastKnownFileType = sourcecode.c.objc; name = DFPort.m; path = Operations/Visualization/DFPort.m; sourceTree = "<group>"; };
		92174BCA1A56FDB000E89343 /* DFValueNode.h */ = {isa = PBXFileReference; fileEncoding = 4; lastKnownFileType = sourcecode.c.h; name = DFValueNode.h; path = Operations/Visualization/DFValueNode.h; sourceTree = "<group>"; };
		92174BCB1A56FDB000E89343 /* DFValueNode.m */ = {isa = PBXFileReference; fileEncoding = 4; lastKnownFileType = sourcecode.c.objc; name = DFValueNode.m; path = Operations/Visualization/DFValueNode.m; sourceTree = "<group>"; };
		92174BCC1A56FDB000E89343 /* DFValueNode.xib */ = {isa = PBXFileReference; fileEncoding = 4; lastKnownFileType = file.xib; name = DFValueNode.xib; path = Operations/Visualization/DFValueNode.xib; sourceTree = "<group>"; };
		92174BCD1A56FDB000E89343 /* DFWorkspace.h */ = {isa = PBXFileReference; fileEncoding = 4; lastKnownFileType = sourcecode.c.h; name = DFWorkspace.h; path = Operations/Visualization/DFWorkspace.h; sourceTree = "<group>"; };
		92174BCE1A56FDB000E89343 /* DFWorkspace.m */ = {isa = PBXFileReference; fileEncoding = 4; lastKnownFileType = sourcecode.c.objc; name = DFWorkspace.m; path = Operations/Visualization/DFWorkspace.m; sourceTree = "<group>"; };
		92174BCF1A56FDB000E89343 /* DFWorkspace.xib */ = {isa = PBXFileReference; fileEncoding = 4; lastKnownFileType = file.xib; name = DFWorkspace.xib; path = Operations/Visualization/DFWorkspace.xib; sourceTree = "<group>"; };
		92174BD01A56FDB000E89343 /* DFWorkspaceBlockCell.xib */ = {isa = PBXFileReference; fileEncoding = 4; lastKnownFileType = file.xib; name = DFWorkspaceBlockCell.xib; path = Operations/Visualization/DFWorkspaceBlockCell.xib; sourceTree = "<group>"; };
		92174BDD1A56FDC400E89343 /* ErrorRetryPolicy.h */ = {isa = PBXFileReference; fileEncoding = 4; lastKnownFileType = sourcecode.c.h; name = ErrorRetryPolicy.h; path = Operations/Retry/ErrorRetryPolicy.h; sourceTree = "<group>"; };
		92174BDE1A56FDC400E89343 /* ErrorRetryPolicy.m */ = {isa = PBXFileReference; fileEncoding = 4; lastKnownFileType = sourcecode.c.objc; name = ErrorRetryPolicy.m; path = Operations/Retry/ErrorRetryPolicy.m; sourceTree = "<group>"; };
		92174BDF1A56FDC400E89343 /* LinearErrorRetryPolicy.h */ = {isa = PBXFileReference; fileEncoding = 4; lastKnownFileType = sourcecode.c.h; name = LinearErrorRetryPolicy.h; path = Operations/Retry/LinearErrorRetryPolicy.h; sourceTree = "<group>"; };
		92174BE01A56FDC400E89343 /* LinearErrorRetryPolicy.m */ = {isa = PBXFileReference; fileEncoding = 4; lastKnownFileType = sourcecode.c.objc; name = LinearErrorRetryPolicy.m; path = Operations/Retry/LinearErrorRetryPolicy.m; sourceTree = "<group>"; };
		92174BE11A56FDC400E89343 /* RandomBackoffErrorRetryPolicy.h */ = {isa = PBXFileReference; fileEncoding = 4; lastKnownFileType = sourcecode.c.h; name = RandomBackoffErrorRetryPolicy.h; path = Operations/Retry/RandomBackoffErrorRetryPolicy.h; sourceTree = "<group>"; };
		92174BE21A56FDC400E89343 /* RandomBackoffErrorRetryPolicy.m */ = {isa = PBXFileReference; fileEncoding = 4; lastKnownFileType = sourcecode.c.objc; name = RandomBackoffErrorRetryPolicy.m; path = Operations/Retry/RandomBackoffErrorRetryPolicy.m; sourceTree = "<group>"; };
		92174BE61A56FDF000E89343 /* DFAggregatorOperation.h */ = {isa = PBXFileReference; fileEncoding = 4; lastKnownFileType = sourcecode.c.h; name = DFAggregatorOperation.h; path = Operations/DFAggregatorOperation.h; sourceTree = "<group>"; };
		92174BE71A56FDF000E89343 /* DFAggregatorOperation.m */ = {isa = PBXFileReference; fileEncoding = 4; lastKnownFileType = sourcecode.c.objc; name = DFAggregatorOperation.m; path = Operations/DFAggregatorOperation.m; sourceTree = "<group>"; };
		92174BE81A56FDF000E89343 /* DFAndOperation.h */ = {isa = PBXFileReference; fileEncoding = 4; lastKnownFileType = sourcecode.c.h; name = DFAndOperation.h; path = Operations/DFAndOperation.h; sourceTree = "<group>"; };
		92174BE91A56FDF000E89343 /* DFAndOperation.m */ = {isa = PBXFileReference; fileEncoding = 4; lastKnownFileType = sourcecode.c.objc; name = DFAndOperation.m; path = Operations/DFAndOperation.m; sourceTree = "<group>"; };
		92174BEA1A56FDF000E89343 /* DFAnyOperation.h */ = {isa = PBXFileReference; fileEncoding = 4; lastKnownFileType = sourcecode.c.h; name = DFAnyOperation.h; path = Operations/DFAnyOperation.h; sourceTree = "<group>"; };
		92174BEB1A56FDF000E89343 /* DFAnyOperation.m */ = {isa = PBXFileReference; fileEncoding = 4; lastKnownFileType = sourcecode.c.objc; name = DFAnyOperation.m; path = Operations/DFAnyOperation.m; sourceTree = "<group>"; };
		92174BEC1A56FDF000E89343 /* DFBackgroundOperation.h */ = {isa = PBXFileReference; fileEncoding = 4; lastKnownFileType = sourcecode.c.h; name = DFBackgroundOperation.h; path = Operations/DFBackgroundOperation.h; sourceTree = "<group>"; };
		92174BED1A56FDF000E89343 /* DFBackgroundOperation.m */ = {isa = PBXFileReference; fileEncoding = 4; lastKnownFileType = sourcecode.c.objc; name = DFBackgroundOperation.m; path = Operations/DFBackgroundOperation.m; sourceTree = "<group>"; };
		92174BEE1A56FDF000E89343 /* DFCompositeOperation.h */ = {isa = PBXFileReference; fileEncoding = 4; lastKnownFileType = sourcecode.c.h; name = DFCompositeOperation.h; path = Operations/DFCompositeOperation.h; sourceTree = "<group>"; };
		92174BEF1A56FDF000E89343 /* DFCompositeOperation.m */ = {isa = PBXFileReference; fileEncoding = 4; lastKnownFileType = sourcecode.c.objc; name = DFCompositeOperation.m; path = Operations/DFCompositeOperation.m; sourceTree = "<group>"; };
		92174BF01A56FDF000E89343 /* DFConnectorOperation.h */ = {isa = PBXFileReference; fileEncoding = 4; lastKnownFileType = sourcecode.c.h; name = DFConnectorOperation.h; path = Operations/DFConnectorOperation.h; sourceTree = "<group>"; };
		92174BF11A56FDF000E89343 /* DFConnectorOperation.m */ = {isa = PBXFileReference; fileEncoding = 4; lastKnownFileType = sourcecode.c.objc; name = DFConnectorOperation.m; path = Operations/DFConnectorOperation.m; sourceTree = "<group>"; };
		92174BF21A56FDF000E89343 /* DFCoreDataOperation.h */ = {isa = PBXFileReference; fileEncoding = 4; lastKnownFileType = sourcecode.c.h; name = DFCoreDataOperation.h; path = Operations/DFCoreDataOperation.h; sourceTree = "<group>"; };
		92174BF31A56FDF000E89343 /* DFCoreDataOperation.m */ = {isa = PBXFileReference; fileEncoding = 4; lastKnownFileType = sourcecode.c.objc; name = DFCoreDataOperation.m; path = Operations/DFCoreDataOperation.m; sourceTree = "<group>"; };
		92174BF41A56FDF000E89343 /* DFDelayOperation.h */ = {isa = PBXFileReference; fileEncoding = 4; lastKnownFileType = sourcecode.c.h; name = DFDelayOperation.h; path = Operations/DFDelayOperation.h; sourceTree = "<group>"; };
		92174BF51A56FDF000E89343 /* DFDelayOperation.m */ = {isa = PBXFileReference; fileEncoding = 4; lastKnownFileType = sourcecode.c.objc; name = DFDelayOperation.m; path = Operations/DFDelayOperation.m; sourceTree = "<group>"; };
		92174BF61A56FDF000E89343 /* DFDropOperation.h */ = {isa = PBXFileReference; fileEncoding = 4; lastKnownFileType = sourcecode.c.h; name = DFDropOperation.h; path = Operations/DFDropOperation.h; sourceTree = "<group>"; };
		92174BF71A56FDF000E89343 /* DFDropOperation.m */ = {isa = PBXFileReference; fileEncoding = 4; lastKnownFileType = sourcecode.c.objc; name = DFDropOperation.m; path = Operations/DFDropOperation.m; sourceTree = "<group>"; };
		92174BF81A56FDF000E89343 /* DFFilterOperation.h */ = {isa = PBXFileReference; fileEncoding = 4; lastKnownFileType = sourcecode.c.h; name = DFFilterOperation.h; path = Operations/DFFilterOperation.h; sourceTree = "<group>"; };
		92174BF91A56FDF000E89343 /* DFFilterOperation.m */ = {isa = PBXFileReference; fileEncoding = 4; lastKnownFileType = sourcecode.c.objc; name = DFFilterOperation.m; path = Operations/DFFilterOperation.m; sourceTree = "<group>"; };
		92174BFA1A56FDF000E89343 /* DFFlattenOperation.h */ = {isa = PBXFileReference; fileEncoding = 4; lastKnownFileType = sourcecode.c.h; name = DFFlattenOperation.h; path = Operations/DFFlattenOperation.h; sourceTree = "<group>"; };
		92174BFB1A56FDF000E89343 /* DFFlattenOperation.m */ = {isa = PBXFileReference; fileEncoding = 4; lastKnownFileType = sourcecode.c.objc; name = DFFlattenOperation.m; path = Operations/DFFlattenOperation.m; sourceTree = "<group>"; };
		92174BFC1A56FDF000E89343 /* DFGenerator.h */ = {isa = PBXFileReference; fileEncoding = 4; lastKnownFileType = sourcecode.c.h; name = DFGenerator.h; path = Operations/DFGenerator.h; sourceTree = "<group>"; };
		92174BFD1A56FDF000E89343 /* DFGenerator.m */ = {isa = PBXFileReference; fileEncoding = 4; lastKnownFileType = sourcecode.c.objc; name = DFGenerator.m; path = Operations/DFGenerator.m; sourceTree = "<group>"; };
		92174BFE1A56FDF000E89343 /* DFIdentityOperation.h */ = {isa = PBXFileReference; fileEncoding = 4; lastKnownFileType = sourcecode.c.h; name = DFIdentityOperation.h; path = Operations/DFIdentityOperation.h; sourceTree = "<group>"; };
		92174BFF1A56FDF000E89343 /* DFIdentityOperation.m */ = {isa = PBXFileReference; fileEncoding = 4; lastKnownFileType = sourcecode.c.objc; name = DFIdentityOperation.m; path = Operations/DFIdentityOperation.m; sourceTree = "<group>"; };
		92174C001A56FDF000E89343 /* DFIfElseOperation.h */ = {isa = PBXFileReference; fileEncoding = 4; lastKnownFileType = sourcecode.c.h; name = DFIfElseOperation.h; path = Operations/DFIfElseOperation.h; sourceTree = "<group>"; };
		92174C011A56FDF000E89343 /* DFIfElseOperation.m */ = {isa = PBXFileReference; fileEncoding = 4; lastKnownFileType = sourcecode.c.objc; name = DFIfElseOperation.m; path = Operations/DFIfElseOperation.m; sourceTree = "<group>"; };
		92174C041A56FDF000E89343 /* DFLoopOperation_SubclassingHooks.h */ = {isa = PBXFileReference; fileEncoding = 4; lastKnownFileType = sourcecode.c.h; name = DFLoopOperation_SubclassingHooks.h; path = Operations/DFLoopOperation_SubclassingHooks.h; sourceTree = "<group>"; };
		92174C051A56FDF000E89343 /* DFLoopOperation.h */ = {isa = PBXFileReference; fileEncoding = 4; lastKnownFileType = sourcecode.c.h; name = DFLoopOperation.h; path = Operations/DFLoopOperation.h; sourceTree = "<group>"; };
		92174C061A56FDF000E89343 /* DFLoopOperation.m */ = {isa = PBXFileReference; fileEncoding = 4; lastKnownFileType = sourcecode.c.objc; name = DFLoopOperation.m; path = Operations/DFLoopOperation.m; sourceTree = "<group>"; };
		92174C071A56FDF000E89343 /* DFMainOperation.h */ = {isa = PBXFileReference; fileEncoding = 4; lastKnownFileType = sourcecode.c.h; name = DFMainOperation.h; path = Operations/DFMainOperation.h; sourceTree = "<group>"; };
		92174C081A56FDF000E89343 /* DFMainOperation.m */ = {isa = PBXFileReference; fileEncoding = 4; lastKnownFileType = sourcecode.c.objc; name = DFMainOperation.m; path = Operations/DFMainOperation.m; sourceTree = "<group>"; };
		92174C091A56FDF000E89343 /* DFMapOperation.h */ = {isa = PBXFileReference; fileEncoding = 4; lastKnownFileType = sourcecode.c.h; name = DFMapOperation.h; path = Operations/DFMapOperation.h; sourceTree = "<group>"; };
		92174C0A1A56FDF000E89343 /* DFMapOperation.m */ = {isa = PBXFileReference; fileEncoding = 4; lastKnownFileType = sourcecode.c.objc; name = DFMapOperation.m; path = Operations/DFMapOperation.m; sourceTree = "<group>"; };
		92174C0B1A56FDF000E89343 /* DFMetaOperation_SubclassingHooks.h */ = {isa = PBXFileReference; fileEncoding = 4; lastKnownFileType = sourcecode.c.h; name = DFMetaOperation_SubclassingHooks.h; path = Operations/DFMetaOperation_SubclassingHooks.h; sourceTree = "<group>"; };
		92174C0C1A56FDF000E89343 /* DFMetaOperation.h */ = {isa = PBXFileReference; fileEncoding = 4; lastKnownFileType = sourcecode.c.h; name = DFMetaOperation.h; path = Operations/DFMetaOperation.h; sourceTree = "<group>"; };
		92174C0D1A56FDF000E89343 /* DFMetaOperation.m */ = {isa = PBXFileReference; fileEncoding = 4; lastKnownFileType = sourcecode.c.objc; name = DFMetaOperation.m; path = Operations/DFMetaOperation.m; sourceTree = "<group>"; };
		92174C0E1A56FDF000E89343 /* DFNetworkOperation.h */ = {isa = PBXFileReference; fileEncoding = 4; lastKnownFileType = sourcecode.c.h; name = DFNetworkOperation.h; path = Operations/DFNetworkOperation.h; sourceTree = "<group>"; };
		92174C0F1A56FDF000E89343 /* DFNetworkOperation.m */ = {isa = PBXFileReference; fileEncoding = 4; lastKnownFileType = sourcecode.c.objc; name = DFNetworkOperation.m; path = Operations/DFNetworkOperation.m; sourceTree = "<group>"; };
		92174C101A56FDF000E89343 /* DFOperation_SubclassingHooks.h */ = {isa = PBXFileReference; fileEncoding = 4; lastKnownFileType = sourcecode.c.h; name = DFOperation_SubclassingHooks.h; path = Operations/DFOperation_SubclassingHooks.h; sourceTree = "<group>"; };
		92174C111A56FDF000E89343 /* DFOperation.h */ = {isa = PBXFileReference; fileEncoding = 4; lastKnownFileType = sourcecode.c.h; name = DFOperation.h; path = Operations/DFOperation.h; sourceTree = "<group>"; };
		92174C121A56FDF000E89343 /* DFOperation.m */ = {isa = PBXFileReference; fileEncoding = 4; lastKnownFileType = sourcecode.c.objc; name = DFOperation.m; path = Operations/DFOperation.m; sourceTree = "<group>"; };
		92174C131A56FDF000E89343 /* DFParallelOperation_SubclassingHooks.h */ = {isa = PBXFileReference; fileEncoding = 4; lastKnownFileType = sourcecode.c.h; name = DFParallelOperation_SubclassingHooks.h; path = Operations/DFParallelOperation_SubclassingHooks.h; sourceTree = "<group>"; };
		92174C141A56FDF000E89343 /* DFParallelOperation.h */ = {isa = PBXFileReference; fileEncoding = 4; lastKnownFileType = sourcecode.c.h; name = DFParallelOperation.h; path = Operations/DFParallelOperation.h; sourceTree = "<group>"; };
		92174C151A56FDF000E89343 /* DFParallelOperation.m */ = {isa = PBXFileReference; fileEncoding = 4; lastKnownFileType = sourcecode.c.objc; name = DFParallelOperation.m; path = Operations/DFParallelOperation.m; sourceTree = "<group>"; };
		92174C161A56FDF000E89343 /* DFPeriodicOperation.h */ = {isa = PBXFileReference; fileEncoding = 4; lastKnownFileType = sourcecode.c.h; name = DFPeriodicOperation.h; path = Operations/DFPeriodicOperation.h; sourceTree = "<group>"; };
		92174C171A56FDF000E89343 /* DFPeriodicOperation.m */ = {isa = PBXFileReference; fileEncoding = 4; lastKnownFileType = sourcecode.c.objc; name = DFPeriodicOperation.m; path = Operations/DFPeriodicOperation.m; sourceTree = "<group>"; };
		92174C181A56FDF000E89343 /* DFReactiveOperation_SubclassingHooks.h */ = {isa = PBXFileReference; fileEncoding = 4; lastKnownFileType = sourcecode.c.h; name = DFReactiveOperation_SubclassingHooks.h; path = Operations/DFReactiveOperation_SubclassingHooks.h; sourceTree = "<group>"; };
		92174C191A56FDF000E89343 /* DFReactiveOperation.h */ = {isa = PBXFileReference; fileEncoding = 4; lastKnownFileType = sourcecode.c.h; name = DFReactiveOperation.h; path = Operations/DFReactiveOperation.h; sourceTree = "<group>"; };
		92174C1A1A56FDF000E89343 /* DFReactiveOperation.m */ = {isa = PBXFileReference; fileEncoding = 4; lastKnownFileType = sourcecode.c.objc; name = DFReactiveOperation.m; path = Operations/DFReactiveOperation.m; sourceTree = "<group>"; };
		92174C1B1A56FDF000E89343 /* DFReduceOperation.h */ = {isa = PBXFileReference; fileEncoding = 4; lastKnownFileType = sourcecode.c.h; name = DFReduceOperation.h; path = Operations/DFReduceOperation.h; sourceTree = "<group>"; };
		92174C1C1A56FDF000E89343 /* DFReduceOperation.m */ = {isa = PBXFileReference; fileEncoding = 4; lastKnownFileType = sourcecode.c.objc; name = DFReduceOperation.m; path = Operations/DFReduceOperation.m; sourceTree = "<group>"; };
		92174C1D1A56FDF000E89343 /* DFRetryableOperation.h */ = {isa = PBXFileReference; fileEncoding = 4; lastKnownFileType = sourcecode.c.h; name = DFRetryableOperation.h; path = Operations/DFRetryableOperation.h; sourceTree = "<group>"; };
		92174C1E1A56FDF000E89343 /* DFRetryableOperation.m */ = {isa = PBXFileReference; fileEncoding = 4; lastKnownFileType = sourcecode.c.objc; name = DFRetryableOperation.m; path = Operations/DFRetryableOperation.m; sourceTree = "<group>"; };
		92174C1F1A56FDF000E89343 /* DFTakeOperation.h */ = {isa = PBXFileReference; fileEncoding = 4; lastKnownFileType = sourcecode.c.h; name = DFTakeOperation.h; path = Operations/DFTakeOperation.h; sourceTree = "<group>"; };
		92174C201A56FDF000E89343 /* DFTakeOperation.m */ = {isa = PBXFileReference; fileEncoding = 4; lastKnownFileType = sourcecode.c.objc; name = DFTakeOperation.m; path = Operations/DFTakeOperation.m; sourceTree = "<group>"; };
		92174C211A56FDF000E89343 /* DFTakeWhileOperation.h */ = {isa = PBXFileReference; fileEncoding = 4; lastKnownFileType = sourcecode.c.h; name = DFTakeWhileOperation.h; path = Operations/DFTakeWhileOperation.h; sourceTree = "<group>"; };
		92174C221A56FDF000E89343 /* DFTakeWhileOperation.m */ = {isa = PBXFileReference; fileEncoding = 4; lastKnownFileType = sourcecode.c.objc; name = DFTakeWhileOperation.m; path = Operations/DFTakeWhileOperation.m; sourceTree = "<group>"; };
		92174C231A56FDF000E89343 /* DFTryCatchOperation_SubclassingHooks.h */ = {isa = PBXFileReference; fileEncoding = 4; lastKnownFileType = sourcecode.c.h; name = DFTryCatchOperation_SubclassingHooks.h; path = Operations/DFTryCatchOperation_SubclassingHooks.h; sourceTree = "<group>"; };
		92174C241A56FDF000E89343 /* DFTryCatchOperation.h */ = {isa = PBXFileReference; fileEncoding = 4; lastKnownFileType = sourcecode.c.h; name = DFTryCatchOperation.h; path = Operations/DFTryCatchOperation.h; sourceTree = "<group>"; };
		92174C251A56FDF000E89343 /* DFTryCatchOperation.m */ = {isa = PBXFileReference; fileEncoding = 4; lastKnownFileType = sourcecode.c.objc; name = DFTryCatchOperation.m; path = Operations/DFTryCatchOperation.m; sourceTree = "<group>"; };
		92174C261A56FDF000E89343 /* DFVoidObject.h */ = {isa = PBXFileReference; fileEncoding = 4; lastKnownFileType = sourcecode.c.h; name = DFVoidObject.h; path = Operations/DFVoidObject.h; sourceTree = "<group>"; };
		92174C271A56FDF000E89343 /* DFVoidObject.m */ = {isa = PBXFileReference; fileEncoding = 4; lastKnownFileType = sourcecode.c.objc; name = DFVoidObject.m; path = Operations/DFVoidObject.m; sourceTree = "<group>"; };
		92174C281A56FDF000E89343 /* Operation.h */ = {isa = PBXFileReference; fileEncoding = 4; lastKnownFileType = sourcecode.c.h; name = Operation.h; path = Operations/Operation.h; sourceTree = "<group>"; };
		92174C291A56FDF000E89343 /* Operations.h */ = {isa = PBXFileReference; fileEncoding = 4; lastKnownFileType = sourcecode.c.h; name = Operations.h; path = Operations/Operations.h; sourceTree = "<group>"; };
		92174C481A56FDF900E89343 /* StreamOperation.h */ = {isa = PBXFileReference; lastKnownFileType = sourcecode.c.h; name = StreamOperation.h; path = Operations/StreamOperation.h; sourceTree = "<group>"; };
		92174C491A56FE1B00E89343 /* EXTADT.h */ = {isa = PBXFileReference; fileEncoding = 4; lastKnownFileType = sourcecode.c.h; name = EXTADT.h; path = Ext/EXTADT.h; sourceTree = "<group>"; };
		92174C4A1A56FE1B00E89343 /* EXTADT.m */ = {isa = PBXFileReference; fileEncoding = 4; lastKnownFileType = sourcecode.c.objc; name = EXTADT.m; path = Ext/EXTADT.m; sourceTree = "<group>"; };
		92174C4B1A56FE1B00E89343 /* EXTConcreteProtocol.h */ = {isa = PBXFileReference; fileEncoding = 4; lastKnownFileType = sourcecode.c.h; name = EXTConcreteProtocol.h; path = Ext/EXTConcreteProtocol.h; sourceTree = "<group>"; };
		92174C4C1A56FE1B00E89343 /* EXTConcreteProtocol.m */ = {isa = PBXFileReference; fileEncoding = 4; lastKnownFileType = sourcecode.c.objc; name = EXTConcreteProtocol.m; path = Ext/EXTConcreteProtocol.m; sourceTree = "<group>"; };
		92174C4D1A56FE1B00E89343 /* EXTKeyPathCoding.h */ = {isa = PBXFileReference; fileEncoding = 4; lastKnownFileType = sourcecode.c.h; name = EXTKeyPathCoding.h; path = Ext/EXTKeyPathCoding.h; sourceTree = "<group>"; };
		92174C4E1A56FE1B00E89343 /* EXTNil.h */ = {isa = PBXFileReference; fileEncoding = 4; lastKnownFileType = sourcecode.c.h; name = EXTNil.h; path = Ext/EXTNil.h; sourceTree = "<group>"; };
		92174C4F1A56FE1B00E89343 /* EXTNil.m */ = {isa = PBXFileReference; fileEncoding = 4; lastKnownFileType = sourcecode.c.objc; name = EXTNil.m; path = Ext/EXTNil.m; sourceTree = "<group>"; };
		92174C501A56FE1B00E89343 /* extobjc.h */ = {isa = PBXFileReference; fileEncoding = 4; lastKnownFileType = sourcecode.c.h; name = extobjc.h; path = Ext/extobjc.h; sourceTree = "<group>"; };
		92174C511A56FE1B00E89343 /* EXTRuntimeExtensions.h */ = {isa = PBXFileReference; fileEncoding = 4; lastKnownFileType = sourcecode.c.h; name = EXTRuntimeExtensions.h; path = Ext/EXTRuntimeExtensions.h; sourceTree = "<group>"; };
		92174C521A56FE1B00E89343 /* EXTRuntimeExtensions.m */ = {isa = PBXFileReference; fileEncoding = 4; lastKnownFileType = sourcecode.c.objc; name = EXTRuntimeExtensions.m; path = Ext/EXTRuntimeExtensions.m; sourceTree = "<group>"; };
		92174C531A56FE1B00E89343 /* EXTSafeCategory.h */ = {isa = PBXFileReference; fileEncoding = 4; lastKnownFileType = sourcecode.c.h; name = EXTSafeCategory.h; path = Ext/EXTSafeCategory.h; sourceTree = "<group>"; };
		92174C541A56FE1B00E89343 /* EXTSafeCategory.m */ = {isa = PBXFileReference; fileEncoding = 4; lastKnownFileType = sourcecode.c.objc; name = EXTSafeCategory.m; path = Ext/EXTSafeCategory.m; sourceTree = "<group>"; };
		92174C551A56FE1B00E89343 /* EXTScope.h */ = {isa = PBXFileReference; fileEncoding = 4; lastKnownFileType = sourcecode.c.h; name = EXTScope.h; path = Ext/EXTScope.h; sourceTree = "<group>"; };
		92174C561A56FE1B00E89343 /* EXTScope.m */ = {isa = PBXFileReference; fileEncoding = 4; lastKnownFileType = sourcecode.c.objc; name = EXTScope.m; path = Ext/EXTScope.m; sourceTree = "<group>"; };
		92174C571A56FE1B00E89343 /* EXTSelectorChecking.h */ = {isa = PBXFileReference; fileEncoding = 4; lastKnownFileType = sourcecode.c.h; name = EXTSelectorChecking.h; path = Ext/EXTSelectorChecking.h; sourceTree = "<group>"; };
		92174C581A56FE1B00E89343 /* EXTSelectorChecking.m */ = {isa = PBXFileReference; fileEncoding = 4; lastKnownFileType = sourcecode.c.objc; name = EXTSelectorChecking.m; path = Ext/EXTSelectorChecking.m; sourceTree = "<group>"; };
		92174C591A56FE1B00E89343 /* EXTSynthesize.h */ = {isa = PBXFileReference; fileEncoding = 4; lastKnownFileType = sourcecode.c.h; name = EXTSynthesize.h; path = Ext/EXTSynthesize.h; sourceTree = "<group>"; };
		92174C5A1A56FE1B00E89343 /* metamacros.h */ = {isa = PBXFileReference; fileEncoding = 4; lastKnownFileType = sourcecode.c.h; name = metamacros.h; path = Ext/metamacros.h; sourceTree = "<group>"; };
		92174C5B1A56FE1B00E89343 /* NSInvocation+EXT.h */ = {isa = PBXFileReference; fileEncoding = 4; lastKnownFileType = sourcecode.c.h; name = "NSInvocation+EXT.h"; path = "Ext/NSInvocation+EXT.h"; sourceTree = "<group>"; };
		92174C5C1A56FE1B00E89343 /* NSInvocation+EXT.m */ = {isa = PBXFileReference; fileEncoding = 4; lastKnownFileType = sourcecode.c.objc; name = "NSInvocation+EXT.m"; path = "Ext/NSInvocation+EXT.m"; sourceTree = "<group>"; };
		92174C5D1A56FE1B00E89343 /* NSMethodSignature+EXT.h */ = {isa = PBXFileReference; fileEncoding = 4; lastKnownFileType = sourcecode.c.h; name = "NSMethodSignature+EXT.h"; path = "Ext/NSMethodSignature+EXT.h"; sourceTree = "<group>"; };
		92174C5E1A56FE1B00E89343 /* NSMethodSignature+EXT.m */ = {isa = PBXFileReference; fileEncoding = 4; lastKnownFileType = sourcecode.c.objc; name = "NSMethodSignature+EXT.m"; path = "Ext/NSMethodSignature+EXT.m"; sourceTree = "<group>"; };
		92174C681A57233800E89343 /* DFErrorObject.h */ = {isa = PBXFileReference; fileEncoding = 4; lastKnownFileType = sourcecode.c.h; name = DFErrorObject.h; path = Operations/DFErrorObject.h; sourceTree = "<group>"; };
		92174C691A57233800E89343 /* DFErrorObject.m */ = {isa = PBXFileReference; fileEncoding = 4; lastKnownFileType = sourcecode.c.objc; name = DFErrorObject.m; path = Operations/DFErrorObject.m; sourceTree = "<group>"; };
		921CB4C41A5AF57700FC4493 /* DFSelectorOperation.h */ = {isa = PBXFileReference; fileEncoding = 4; lastKnownFileType = sourcecode.c.h; name = DFSelectorOperation.h; path = Operations/DFSelectorOperation.h; sourceTree = "<group>"; };
		921CB4C51A5AF57700FC4493 /* DFSelectorOperation.m */ = {isa = PBXFileReference; fileEncoding = 4; lastKnownFileType = sourcecode.c.objc; name = DFSelectorOperation.m; path = Operations/DFSelectorOperation.m; sourceTree = "<group>"; };
		921CB4C71A5B2BE100FC4493 /* DFBufferOperation.h */ = {isa = PBXFileReference; fileEncoding = 4; lastKnownFileType = sourcecode.c.h; name = DFBufferOperation.h; path = Operations/DFBufferOperation.h; sourceTree = "<group>"; };
		921CB4C81A5B2BE100FC4493 /* DFBufferOperation.m */ = {isa = PBXFileReference; fileEncoding = 4; lastKnownFileType = sourcecode.c.objc; name = DFBufferOperation.m; path = Operations/DFBufferOperation.m; sourceTree = "<group>"; };
		924ABE521A0D2FE900EF97F5 /* NSArray+Utility.h */ = {isa = PBXFileReference; fileEncoding = 4; lastKnownFileType = sourcecode.c.h; path = "NSArray+Utility.h"; sourceTree = "<group>"; };
		924ABE531A0D2FE900EF97F5 /* NSArray+Utility.m */ = {isa = PBXFileReference; fileEncoding = 4; lastKnownFileType = sourcecode.c.objc; path = "NSArray+Utility.m"; sourceTree = "<group>"; };
		927E12851A0C6D8B002DC6FB /* RabbitProofFence.app */ = {isa = PBXFileReference; explicitFileType = wrapper.application; includeInIndex = 0; path = RabbitProofFence.app; sourceTree = BUILT_PRODUCTS_DIR; };
		927E12891A0C6D8B002DC6FB /* Info.plist */ = {isa = PBXFileReference; lastKnownFileType = text.plist.xml; path = Info.plist; sourceTree = "<group>"; };
		927E128A1A0C6D8B002DC6FB /* main.m */ = {isa = PBXFileReference; lastKnownFileType = sourcecode.c.objc; path = main.m; sourceTree = "<group>"; };
		927E128C1A0C6D8B002DC6FB /* AppDelegate.h */ = {isa = PBXFileReference; lastKnownFileType = sourcecode.c.h; path = AppDelegate.h; sourceTree = "<group>"; };
		927E128D1A0C6D8B002DC6FB /* AppDelegate.m */ = {isa = PBXFileReference; lastKnownFileType = sourcecode.c.objc; path = AppDelegate.m; sourceTree = "<group>"; };
		927E128F1A0C6D8B002DC6FB /* ViewController.h */ = {isa = PBXFileReference; lastKnownFileType = sourcecode.c.h; path = ViewController.h; sourceTree = "<group>"; };
		927E12901A0C6D8B002DC6FB /* ViewController.m */ = {isa = PBXFileReference; lastKnownFileType = sourcecode.c.objc; path = ViewController.m; sourceTree = "<group>"; };
		927E12931A0C6D8B002DC6FB /* Base */ = {isa = PBXFileReference; lastKnownFileType = file.storyboard; name = Base; path = Base.lproj/Main.storyboard; sourceTree = "<group>"; };
		927E12981A0C6D8B002DC6FB /* Base */ = {isa = PBXFileReference; lastKnownFileType = file.xib; name = Base; path = Base.lproj/LaunchScreen.xib; sourceTree = "<group>"; };
		927E129E1A0C6D8B002DC6FB /* RabbitProofFenceTests.xctest */ = {isa = PBXFileReference; explicitFileType = wrapper.cfbundle; includeInIndex = 0; path = RabbitProofFenceTests.xctest; sourceTree = BUILT_PRODUCTS_DIR; };
		927E12A31A0C6D8B002DC6FB /* Info.plist */ = {isa = PBXFileReference; lastKnownFileType = text.plist.xml; path = Info.plist; sourceTree = "<group>"; };
		927E12A41A0C6D8B002DC6FB /* RabbitProofFenceTests.m */ = {isa = PBXFileReference; lastKnownFileType = sourcecode.c.objc; path = RabbitProofFenceTests.m; sourceTree = "<group>"; };
		928E1EEE1A16E2050055D2AD /* OperationAssets.xcassets */ = {isa = PBXFileReference; lastKnownFileType = folder.assetcatalog; path = OperationAssets.xcassets; sourceTree = "<group>"; };
		928E1EF01A16E23C0055D2AD /* Images.xcassets */ = {isa = PBXFileReference; lastKnownFileType = folder.assetcatalog; path = Images.xcassets; sourceTree = "<group>"; };
/* End PBXFileReference section */

/* Begin PBXFrameworksBuildPhase section */
		927E12821A0C6D8B002DC6FB /* Frameworks */ = {
			isa = PBXFrameworksBuildPhase;
			buildActionMask = 2147483647;
			files = (
			);
			runOnlyForDeploymentPostprocessing = 0;
		};
		927E129B1A0C6D8B002DC6FB /* Frameworks */ = {
			isa = PBXFrameworksBuildPhase;
			buildActionMask = 2147483647;
			files = (
			);
			runOnlyForDeploymentPostprocessing = 0;
		};
/* End PBXFrameworksBuildPhase section */

/* Begin PBXGroup section */
		927E127C1A0C6D8B002DC6FB = {
			isa = PBXGroup;
			children = (
				927E12871A0C6D8B002DC6FB /* RabbitProofFence */,
				927E12A11A0C6D8B002DC6FB /* RabbitProofFenceTests */,
				927E12861A0C6D8B002DC6FB /* Products */,
			);
			sourceTree = "<group>";
		};
		927E12861A0C6D8B002DC6FB /* Products */ = {
			isa = PBXGroup;
			children = (
				927E12851A0C6D8B002DC6FB /* RabbitProofFence.app */,
				927E129E1A0C6D8B002DC6FB /* RabbitProofFenceTests.xctest */,
			);
			name = Products;
			sourceTree = "<group>";
		};
		927E12871A0C6D8B002DC6FB /* RabbitProofFence */ = {
			isa = PBXGroup;
			children = (
				928E1E691A16E0C50055D2AD /* Operations */,
				928E1E681A16E0B00055D2AD /* Ext */,
				927E128C1A0C6D8B002DC6FB /* AppDelegate.h */,
				927E128D1A0C6D8B002DC6FB /* AppDelegate.m */,
				927E128F1A0C6D8B002DC6FB /* ViewController.h */,
				927E12901A0C6D8B002DC6FB /* ViewController.m */,
				924ABE521A0D2FE900EF97F5 /* NSArray+Utility.h */,
				924ABE531A0D2FE900EF97F5 /* NSArray+Utility.m */,
				927E12921A0C6D8B002DC6FB /* Main.storyboard */,
				927E12971A0C6D8B002DC6FB /* LaunchScreen.xib */,
				928E1EEE1A16E2050055D2AD /* OperationAssets.xcassets */,
				928E1EF01A16E23C0055D2AD /* Images.xcassets */,
				927E12881A0C6D8B002DC6FB /* Supporting Files */,
			);
			path = RabbitProofFence;
			sourceTree = "<group>";
		};
		927E12881A0C6D8B002DC6FB /* Supporting Files */ = {
			isa = PBXGroup;
			children = (
				927E12891A0C6D8B002DC6FB /* Info.plist */,
				927E128A1A0C6D8B002DC6FB /* main.m */,
			);
			name = "Supporting Files";
			sourceTree = "<group>";
		};
		927E12A11A0C6D8B002DC6FB /* RabbitProofFenceTests */ = {
			isa = PBXGroup;
			children = (
				927E12A41A0C6D8B002DC6FB /* RabbitProofFenceTests.m */,
				927E12A21A0C6D8B002DC6FB /* Supporting Files */,
			);
			path = RabbitProofFenceTests;
			sourceTree = "<group>";
		};
		927E12A21A0C6D8B002DC6FB /* Supporting Files */ = {
			isa = PBXGroup;
			children = (
				927E12A31A0C6D8B002DC6FB /* Info.plist */,
			);
			name = "Supporting Files";
			sourceTree = "<group>";
		};
		928E1E681A16E0B00055D2AD /* Ext */ = {
			isa = PBXGroup;
			children = (
				92174C491A56FE1B00E89343 /* EXTADT.h */,
				92174C4A1A56FE1B00E89343 /* EXTADT.m */,
				92174C4B1A56FE1B00E89343 /* EXTConcreteProtocol.h */,
				92174C4C1A56FE1B00E89343 /* EXTConcreteProtocol.m */,
				92174C4D1A56FE1B00E89343 /* EXTKeyPathCoding.h */,
				92174C4E1A56FE1B00E89343 /* EXTNil.h */,
				92174C4F1A56FE1B00E89343 /* EXTNil.m */,
				92174C501A56FE1B00E89343 /* extobjc.h */,
				92174C511A56FE1B00E89343 /* EXTRuntimeExtensions.h */,
				92174C521A56FE1B00E89343 /* EXTRuntimeExtensions.m */,
				92174C531A56FE1B00E89343 /* EXTSafeCategory.h */,
				92174C541A56FE1B00E89343 /* EXTSafeCategory.m */,
				92174C551A56FE1B00E89343 /* EXTScope.h */,
				92174C561A56FE1B00E89343 /* EXTScope.m */,
				92174C571A56FE1B00E89343 /* EXTSelectorChecking.h */,
				92174C581A56FE1B00E89343 /* EXTSelectorChecking.m */,
				92174C591A56FE1B00E89343 /* EXTSynthesize.h */,
				92174C5A1A56FE1B00E89343 /* metamacros.h */,
				92174C5B1A56FE1B00E89343 /* NSInvocation+EXT.h */,
				92174C5C1A56FE1B00E89343 /* NSInvocation+EXT.m */,
				92174C5D1A56FE1B00E89343 /* NSMethodSignature+EXT.h */,
				92174C5E1A56FE1B00E89343 /* NSMethodSignature+EXT.m */,
			);
			name = Ext;
			sourceTree = "<group>";
		};
		928E1E691A16E0C50055D2AD /* Operations */ = {
			isa = PBXGroup;
			children = (
				92174C291A56FDF000E89343 /* Operations.h */,
				92174C281A56FDF000E89343 /* Operation.h */,
				92174C111A56FDF000E89343 /* DFOperation.h */,
				92174C121A56FDF000E89343 /* DFOperation.m */,
				92174C101A56FDF000E89343 /* DFOperation_SubclassingHooks.h */,
				92174BEC1A56FDF000E89343 /* DFBackgroundOperation.h */,
				92174BED1A56FDF000E89343 /* DFBackgroundOperation.m */,
				92174BF21A56FDF000E89343 /* DFCoreDataOperation.h */,
				92174BF31A56FDF000E89343 /* DFCoreDataOperation.m */,
				92174BFE1A56FDF000E89343 /* DFIdentityOperation.h */,
				92174BFF1A56FDF000E89343 /* DFIdentityOperation.m */,
				92174BF41A56FDF000E89343 /* DFDelayOperation.h */,
				92174BF51A56FDF000E89343 /* DFDelayOperation.m */,
				92174C071A56FDF000E89343 /* DFMainOperation.h */,
				92174C081A56FDF000E89343 /* DFMainOperation.m */,
				92174C0E1A56FDF000E89343 /* DFNetworkOperation.h */,
				92174C0F1A56FDF000E89343 /* DFNetworkOperation.m */,
				921CB4C41A5AF57700FC4493 /* DFSelectorOperation.h */,
				921CB4C51A5AF57700FC4493 /* DFSelectorOperation.m */,
				92174BF01A56FDF000E89343 /* DFConnectorOperation.h */,
				92174BF11A56FDF000E89343 /* DFConnectorOperation.m */,
				92174C0C1A56FDF000E89343 /* DFMetaOperation.h */,
				92174C0D1A56FDF000E89343 /* DFMetaOperation.m */,
				92174C0B1A56FDF000E89343 /* DFMetaOperation_SubclassingHooks.h */,
				92174BEE1A56FDF000E89343 /* DFCompositeOperation.h */,
				92174BEF1A56FDF000E89343 /* DFCompositeOperation.m */,
				92174C241A56FDF000E89343 /* DFTryCatchOperation.h */,
				92174C251A56FDF000E89343 /* DFTryCatchOperation.m */,
				92174C231A56FDF000E89343 /* DFTryCatchOperation_SubclassingHooks.h */,
				92174C001A56FDF000E89343 /* DFIfElseOperation.h */,
				92174C011A56FDF000E89343 /* DFIfElseOperation.m */,
				92174C1D1A56FDF000E89343 /* DFRetryableOperation.h */,
				92174C1E1A56FDF000E89343 /* DFRetryableOperation.m */,
				92174C051A56FDF000E89343 /* DFLoopOperation.h */,
				92174C061A56FDF000E89343 /* DFLoopOperation.m */,
				92174C041A56FDF000E89343 /* DFLoopOperation_SubclassingHooks.h */,
				92174C161A56FDF000E89343 /* DFPeriodicOperation.h */,
				92174C171A56FDF000E89343 /* DFPeriodicOperation.m */,
				92174C191A56FDF000E89343 /* DFReactiveOperation.h */,
				92174C1A1A56FDF000E89343 /* DFReactiveOperation.m */,
				92174C181A56FDF000E89343 /* DFReactiveOperation_SubclassingHooks.h */,
				92174C141A56FDF000E89343 /* DFParallelOperation.h */,
				92174C151A56FDF000E89343 /* DFParallelOperation.m */,
				92174C131A56FDF000E89343 /* DFParallelOperation_SubclassingHooks.h */,
				92174BFC1A56FDF000E89343 /* DFGenerator.h */,
				92174BFD1A56FDF000E89343 /* DFGenerator.m */,
				92174BE61A56FDF000E89343 /* DFAggregatorOperation.h */,
				92174BE71A56FDF000E89343 /* DFAggregatorOperation.m */,
				92174BE81A56FDF000E89343 /* DFAndOperation.h */,
				92174BE91A56FDF000E89343 /* DFAndOperation.m */,
				92174BEA1A56FDF000E89343 /* DFAnyOperation.h */,
				92174BEB1A56FDF000E89343 /* DFAnyOperation.m */,
				92174BF61A56FDF000E89343 /* DFDropOperation.h */,
				92174BF71A56FDF000E89343 /* DFDropOperation.m */,
				92174BF81A56FDF000E89343 /* DFFilterOperation.h */,
				92174BF91A56FDF000E89343 /* DFFilterOperation.m */,
				92174BFA1A56FDF000E89343 /* DFFlattenOperation.h */,
				92174BFB1A56FDF000E89343 /* DFFlattenOperation.m */,
				92174C091A56FDF000E89343 /* DFMapOperation.h */,
				92174C0A1A56FDF000E89343 /* DFMapOperation.m */,
				92174C1B1A56FDF000E89343 /* DFReduceOperation.h */,
				92174C1C1A56FDF000E89343 /* DFReduceOperation.m */,
				92174C1F1A56FDF000E89343 /* DFTakeOperation.h */,
				92174C201A56FDF000E89343 /* DFTakeOperation.m */,
				92174C211A56FDF000E89343 /* DFTakeWhileOperation.h */,
				92174C221A56FDF000E89343 /* DFTakeWhileOperation.m */,
				921CB4C71A5B2BE100FC4493 /* DFBufferOperation.h */,
				921CB4C81A5B2BE100FC4493 /* DFBufferOperation.m */,
				92174C481A56FDF900E89343 /* StreamOperation.h */,
				92174C261A56FDF000E89343 /* DFVoidObject.h */,
				92174C271A56FDF000E89343 /* DFVoidObject.m */,
				92174C681A57233800E89343 /* DFErrorObject.h */,
				92174C691A57233800E89343 /* DFErrorObject.m */,
				928E1EE41A16E12F0055D2AD /* Retry */,
				928E1ECB1A16E0EA0055D2AD /* Utility */,
				928E1ECA1A16E0E20055D2AD /* Visualization */,
			);
			name = Operations;
			sourceTree = "<group>";
		};
		928E1ECA1A16E0E20055D2AD /* Visualization */ = {
			isa = PBXGroup;
			children = (
				92174BBF1A56FDB000E89343 /* DFGridView.h */,
				92174BC01A56FDB000E89343 /* DFGridView.m */,
				92174BC11A56FDB000E89343 /* DFNode.h */,
				92174BC21A56FDB000E89343 /* DFNode.m */,
				92174BC31A56FDB000E89343 /* DFNode.xib */,
				92174BC41A56FDB000E89343 /* DFOperation+Graph.h */,
				92174BC51A56FDB000E89343 /* DFOperation+Graph.m */,
				92174BC61A56FDB000E89343 /* DFPort_Input.xib */,
				92174BC71A56FDB000E89343 /* DFPort_Output.xib */,
				92174BC81A56FDB000E89343 /* DFPort.h */,
				92174BC91A56FDB000E89343 /* DFPort.m */,
				92174BCA1A56FDB000E89343 /* DFValueNode.h */,
				92174BCB1A56FDB000E89343 /* DFValueNode.m */,
				92174BCC1A56FDB000E89343 /* DFValueNode.xib */,
				92174BCD1A56FDB000E89343 /* DFWorkspace.h */,
				92174BCE1A56FDB000E89343 /* DFWorkspace.m */,
				92174BCF1A56FDB000E89343 /* DFWorkspace.xib */,
				92174BD01A56FDB000E89343 /* DFWorkspaceBlockCell.xib */,
			);
			name = Visualization;
			sourceTree = "<group>";
		};
		928E1ECB1A16E0EA0055D2AD /* Utility */ = {
			isa = PBXGroup;
			children = (
				92174BA71A56FD9A00E89343 /* BlockDescription.h */,
				92174BA81A56FD9A00E89343 /* BlockDescription.m */,
				92174BA91A56FD9A00E89343 /* ConnectionInfo.h */,
				92174BAA1A56FD9A00E89343 /* ConnectionInfo.m */,
				92174BAB1A56FD9A00E89343 /* Execution_Class.h */,
				92174BAC1A56FD9A00E89343 /* Execution_Class.m */,
				92174BAD1A56FD9A00E89343 /* NSObject+BlockObservation.h */,
				92174BAE1A56FD9A00E89343 /* NSObject+BlockObservation.m */,
				92174BAF1A56FD9A00E89343 /* OperationInfo.h */,
				92174BB01A56FD9A00E89343 /* OperationInfo.m */,
				92174BB11A56FD9A00E89343 /* ReactiveConnectionInfo.h */,
				92174BB21A56FD9A00E89343 /* ReactiveConnectionInfo.m */,
				92174BB31A56FD9A00E89343 /* UIColor+Crayola.h */,
				92174BB41A56FD9A00E89343 /* UIColor+Crayola.m */,
				92174BB51A56FD9A00E89343 /* UIView+DebugObject.h */,
				92174BB61A56FD9A00E89343 /* UIView+DebugObject.m */,
			);
			name = Utility;
			sourceTree = "<group>";
		};
		928E1EE41A16E12F0055D2AD /* Retry */ = {
			isa = PBXGroup;
			children = (
				92174BDD1A56FDC400E89343 /* ErrorRetryPolicy.h */,
				92174BDE1A56FDC400E89343 /* ErrorRetryPolicy.m */,
				92174BDF1A56FDC400E89343 /* LinearErrorRetryPolicy.h */,
				92174BE01A56FDC400E89343 /* LinearErrorRetryPolicy.m */,
				92174BE11A56FDC400E89343 /* RandomBackoffErrorRetryPolicy.h */,
				92174BE21A56FDC400E89343 /* RandomBackoffErrorRetryPolicy.m */,
			);
			name = Retry;
			sourceTree = "<group>";
		};
/* End PBXGroup section */

/* Begin PBXNativeTarget section */
		927E12841A0C6D8B002DC6FB /* RabbitProofFence */ = {
			isa = PBXNativeTarget;
			buildConfigurationList = 927E12A81A0C6D8B002DC6FB /* Build configuration list for PBXNativeTarget "RabbitProofFence" */;
			buildPhases = (
				927E12811A0C6D8B002DC6FB /* Sources */,
				927E12821A0C6D8B002DC6FB /* Frameworks */,
				927E12831A0C6D8B002DC6FB /* Resources */,
			);
			buildRules = (
			);
			dependencies = (
			);
			name = RabbitProofFence;
			productName = RabbitProofFence;
			productReference = 927E12851A0C6D8B002DC6FB /* RabbitProofFence.app */;
			productType = "com.apple.product-type.application";
		};
		927E129D1A0C6D8B002DC6FB /* RabbitProofFenceTests */ = {
			isa = PBXNativeTarget;
			buildConfigurationList = 927E12AB1A0C6D8B002DC6FB /* Build configuration list for PBXNativeTarget "RabbitProofFenceTests" */;
			buildPhases = (
				927E129A1A0C6D8B002DC6FB /* Sources */,
				927E129B1A0C6D8B002DC6FB /* Frameworks */,
				927E129C1A0C6D8B002DC6FB /* Resources */,
			);
			buildRules = (
			);
			dependencies = (
				927E12A01A0C6D8B002DC6FB /* PBXTargetDependency */,
			);
			name = RabbitProofFenceTests;
			productName = RabbitProofFenceTests;
			productReference = 927E129E1A0C6D8B002DC6FB /* RabbitProofFenceTests.xctest */;
			productType = "com.apple.product-type.bundle.unit-test";
		};
/* End PBXNativeTarget section */

/* Begin PBXProject section */
		927E127D1A0C6D8B002DC6FB /* Project object */ = {
			isa = PBXProject;
			attributes = {
				LastUpgradeCheck = 0610;
				ORGANIZATIONNAME = "Sinha, Gyanendra";
				TargetAttributes = {
					927E12841A0C6D8B002DC6FB = {
						CreatedOnToolsVersion = 6.1;
						DevelopmentTeam = PQUC8CZRVK;
					};
					927E129D1A0C6D8B002DC6FB = {
						CreatedOnToolsVersion = 6.1;
						TestTargetID = 927E12841A0C6D8B002DC6FB;
					};
				};
			};
			buildConfigurationList = 927E12801A0C6D8B002DC6FB /* Build configuration list for PBXProject "RabbitProofFence" */;
			compatibilityVersion = "Xcode 3.2";
			developmentRegion = English;
			hasScannedForEncodings = 0;
			knownRegions = (
				en,
				Base,
			);
			mainGroup = 927E127C1A0C6D8B002DC6FB;
			productRefGroup = 927E12861A0C6D8B002DC6FB /* Products */;
			projectDirPath = "";
			projectRoot = "";
			targets = (
				927E12841A0C6D8B002DC6FB /* RabbitProofFence */,
				927E129D1A0C6D8B002DC6FB /* RabbitProofFenceTests */,
			);
		};
/* End PBXProject section */

/* Begin PBXResourcesBuildPhase section */
		927E12831A0C6D8B002DC6FB /* Resources */ = {
			isa = PBXResourcesBuildPhase;
			buildActionMask = 2147483647;
			files = (
				927E12941A0C6D8B002DC6FB /* Main.storyboard in Resources */,
				92174BD31A56FDB000E89343 /* DFNode.xib in Resources */,
				928E1EF11A16E23C0055D2AD /* Images.xcassets in Resources */,
				92174BD51A56FDB000E89343 /* DFPort_Input.xib in Resources */,
				92174BD61A56FDB000E89343 /* DFPort_Output.xib in Resources */,
				92174BDB1A56FDB000E89343 /* DFWorkspace.xib in Resources */,
				92174BD91A56FDB000E89343 /* DFValueNode.xib in Resources */,
				927E12991A0C6D8B002DC6FB /* LaunchScreen.xib in Resources */,
				928E1EEF1A16E2050055D2AD /* OperationAssets.xcassets in Resources */,
				92174BDC1A56FDB000E89343 /* DFWorkspaceBlockCell.xib in Resources */,
			);
			runOnlyForDeploymentPostprocessing = 0;
		};
		927E129C1A0C6D8B002DC6FB /* Resources */ = {
			isa = PBXResourcesBuildPhase;
			buildActionMask = 2147483647;
			files = (
			);
			runOnlyForDeploymentPostprocessing = 0;
		};
/* End PBXResourcesBuildPhase section */

/* Begin PBXSourcesBuildPhase section */
		927E12811A0C6D8B002DC6FB /* Sources */ = {
			isa = PBXSourcesBuildPhase;
			buildActionMask = 2147483647;
			files = (
				92174BD11A56FDB000E89343 /* DFGridView.m in Sources */,
				92174C3A1A56FDF000E89343 /* DFMainOperation.m in Sources */,
				92174C671A56FE1B00E89343 /* NSMethodSignature+EXT.m in Sources */,
				92174BDA1A56FDB000E89343 /* DFWorkspace.m in Sources */,
				92174C391A56FDF000E89343 /* DFLoopOperation.m in Sources */,
				92174BD41A56FDB000E89343 /* DFOperation+Graph.m in Sources */,
				92174C2E1A56FDF000E89343 /* DFCompositeOperation.m in Sources */,
				92174C2B1A56FDF000E89343 /* DFAndOperation.m in Sources */,
				927E12911A0C6D8B002DC6FB /* ViewController.m in Sources */,
				92174C401A56FDF000E89343 /* DFPeriodicOperation.m in Sources */,
				92174C621A56FE1B00E89343 /* EXTRuntimeExtensions.m in Sources */,
				92174BBD1A56FD9A00E89343 /* UIColor+Crayola.m in Sources */,
				92174C411A56FDF000E89343 /* DFReactiveOperation.m in Sources */,
				92174C3F1A56FDF000E89343 /* DFParallelOperation.m in Sources */,
				92174C441A56FDF000E89343 /* DFTakeOperation.m in Sources */,
				92174BE41A56FDC400E89343 /* LinearErrorRetryPolicy.m in Sources */,
				92174C461A56FDF000E89343 /* DFTryCatchOperation.m in Sources */,
				92174C2D1A56FDF000E89343 /* DFBackgroundOperation.m in Sources */,
				92174C3D1A56FDF000E89343 /* DFNetworkOperation.m in Sources */,
				92174BD21A56FDB000E89343 /* DFNode.m in Sources */,
				92174BB81A56FD9A00E89343 /* ConnectionInfo.m in Sources */,
				92174C2C1A56FDF000E89343 /* DFAnyOperation.m in Sources */,
				92174BBC1A56FD9A00E89343 /* ReactiveConnectionInfo.m in Sources */,
				92174BD81A56FDB000E89343 /* DFValueNode.m in Sources */,
				92174BB71A56FD9A00E89343 /* BlockDescription.m in Sources */,
				92174C641A56FE1B00E89343 /* EXTScope.m in Sources */,
				92174C471A56FDF000E89343 /* DFVoidObject.m in Sources */,
				92174C601A56FE1B00E89343 /* EXTConcreteProtocol.m in Sources */,
				92174C371A56FDF000E89343 /* DFIfElseOperation.m in Sources */,
				92174BE51A56FDC400E89343 /* RandomBackoffErrorRetryPolicy.m in Sources */,
				92174C301A56FDF000E89343 /* DFCoreDataOperation.m in Sources */,
				92174C431A56FDF000E89343 /* DFRetryableOperation.m in Sources */,
				92174BB91A56FD9A00E89343 /* Execution_Class.m in Sources */,
				92174BBB1A56FD9A00E89343 /* OperationInfo.m in Sources */,
				92174C661A56FE1B00E89343 /* NSInvocation+EXT.m in Sources */,
				92174C331A56FDF000E89343 /* DFFilterOperation.m in Sources */,
				92174BD71A56FDB000E89343 /* DFPort.m in Sources */,
				92174C2F1A56FDF000E89343 /* DFConnectorOperation.m in Sources */,
				921CB4C61A5AF57700FC4493 /* DFSelectorOperation.m in Sources */,
				92174BBA1A56FD9A00E89343 /* NSObject+BlockObservation.m in Sources */,
				92174C321A56FDF000E89343 /* DFDropOperation.m in Sources */,
				92174C451A56FDF000E89343 /* DFTakeWhileOperation.m in Sources */,
				92174C611A56FE1B00E89343 /* EXTNil.m in Sources */,
				92174C311A56FDF000E89343 /* DFDelayOperation.m in Sources */,
				924ABE541A0D2FE900EF97F5 /* NSArray+Utility.m in Sources */,
				927E128E1A0C6D8B002DC6FB /* AppDelegate.m in Sources */,
				92174C631A56FE1B00E89343 /* EXTSafeCategory.m in Sources */,
				92174C651A56FE1B00E89343 /* EXTSelectorChecking.m in Sources */,
				92174BE31A56FDC400E89343 /* ErrorRetryPolicy.m in Sources */,
				92174C6A1A57233800E89343 /* DFErrorObject.m in Sources */,
				92174C351A56FDF000E89343 /* DFGenerator.m in Sources */,
				921CB4C91A5B2BE100FC4493 /* DFBufferOperation.m in Sources */,
				92174C3B1A56FDF000E89343 /* DFMapOperation.m in Sources */,
				92174C3C1A56FDF000E89343 /* DFMetaOperation.m in Sources */,
				92174C361A56FDF000E89343 /* DFIdentityOperation.m in Sources */,
				92174C421A56FDF000E89343 /* DFReduceOperation.m in Sources */,
				92174C2A1A56FDF000E89343 /* DFAggregatorOperation.m in Sources */,
				92174C5F1A56FE1B00E89343 /* EXTADT.m in Sources */,
				92174C3E1A56FDF000E89343 /* DFOperation.m in Sources */,
				92174C341A56FDF000E89343 /* DFFlattenOperation.m in Sources */,
				927E128B1A0C6D8B002DC6FB /* main.m in Sources */,
				92174BBE1A56FD9A00E89343 /* UIView+DebugObject.m in Sources */,
			);
			runOnlyForDeploymentPostprocessing = 0;
		};
		927E129A1A0C6D8B002DC6FB /* Sources */ = {
			isa = PBXSourcesBuildPhase;
			buildActionMask = 2147483647;
			files = (
				927E12A51A0C6D8B002DC6FB /* RabbitProofFenceTests.m in Sources */,
			);
			runOnlyForDeploymentPostprocessing = 0;
		};
/* End PBXSourcesBuildPhase section */

/* Begin PBXTargetDependency section */
		927E12A01A0C6D8B002DC6FB /* PBXTargetDependency */ = {
			isa = PBXTargetDependency;
			target = 927E12841A0C6D8B002DC6FB /* RabbitProofFence */;
			targetProxy = 927E129F1A0C6D8B002DC6FB /* PBXContainerItemProxy */;
		};
/* End PBXTargetDependency section */

/* Begin PBXVariantGroup section */
		927E12921A0C6D8B002DC6FB /* Main.storyboard */ = {
			isa = PBXVariantGroup;
			children = (
				927E12931A0C6D8B002DC6FB /* Base */,
			);
			name = Main.storyboard;
			sourceTree = "<group>";
		};
		927E12971A0C6D8B002DC6FB /* LaunchScreen.xib */ = {
			isa = PBXVariantGroup;
			children = (
				927E12981A0C6D8B002DC6FB /* Base */,
			);
			name = LaunchScreen.xib;
			sourceTree = "<group>";
		};
/* End PBXVariantGroup section */

/* Begin XCBuildConfiguration section */
		927E12A61A0C6D8B002DC6FB /* Debug */ = {
			isa = XCBuildConfiguration;
			buildSettings = {
				ALWAYS_SEARCH_USER_PATHS = NO;
				CLANG_CXX_LANGUAGE_STANDARD = "gnu++0x";
				CLANG_CXX_LIBRARY = "libc++";
				CLANG_ENABLE_MODULES = YES;
				CLANG_ENABLE_OBJC_ARC = YES;
				CLANG_WARN_BOOL_CONVERSION = YES;
				CLANG_WARN_CONSTANT_CONVERSION = YES;
				CLANG_WARN_DIRECT_OBJC_ISA_USAGE = YES_ERROR;
				CLANG_WARN_EMPTY_BODY = YES;
				CLANG_WARN_ENUM_CONVERSION = YES;
				CLANG_WARN_INT_CONVERSION = YES;
				CLANG_WARN_OBJC_ROOT_CLASS = YES_ERROR;
				CLANG_WARN_UNREACHABLE_CODE = YES;
				CLANG_WARN__DUPLICATE_METHOD_MATCH = YES;
				"CODE_SIGN_IDENTITY[sdk=iphoneos*]" = "iPhone Developer";
				COPY_PHASE_STRIP = NO;
				ENABLE_STRICT_OBJC_MSGSEND = YES;
				GCC_C_LANGUAGE_STANDARD = gnu99;
				GCC_DYNAMIC_NO_PIC = NO;
				GCC_OPTIMIZATION_LEVEL = 0;
				GCC_PREPROCESSOR_DEFINITIONS = (
					"DEBUG=1",
					"$(inherited)",
				);
				GCC_SYMBOLS_PRIVATE_EXTERN = NO;
				GCC_WARN_64_TO_32_BIT_CONVERSION = YES;
				GCC_WARN_ABOUT_RETURN_TYPE = YES_ERROR;
				GCC_WARN_UNDECLARED_SELECTOR = YES;
				GCC_WARN_UNINITIALIZED_AUTOS = YES_AGGRESSIVE;
				GCC_WARN_UNUSED_FUNCTION = YES;
				GCC_WARN_UNUSED_VARIABLE = YES;
				IPHONEOS_DEPLOYMENT_TARGET = 8.1;
				MTL_ENABLE_DEBUG_INFO = YES;
				ONLY_ACTIVE_ARCH = YES;
				SDKROOT = iphoneos;
				TARGETED_DEVICE_FAMILY = "1,2";
			};
			name = Debug;
		};
		927E12A71A0C6D8B002DC6FB /* Release */ = {
			isa = XCBuildConfiguration;
			buildSettings = {
				ALWAYS_SEARCH_USER_PATHS = NO;
				CLANG_CXX_LANGUAGE_STANDARD = "gnu++0x";
				CLANG_CXX_LIBRARY = "libc++";
				CLANG_ENABLE_MODULES = YES;
				CLANG_ENABLE_OBJC_ARC = YES;
				CLANG_WARN_BOOL_CONVERSION = YES;
				CLANG_WARN_CONSTANT_CONVERSION = YES;
				CLANG_WARN_DIRECT_OBJC_ISA_USAGE = YES_ERROR;
				CLANG_WARN_EMPTY_BODY = YES;
				CLANG_WARN_ENUM_CONVERSION = YES;
				CLANG_WARN_INT_CONVERSION = YES;
				CLANG_WARN_OBJC_ROOT_CLASS = YES_ERROR;
				CLANG_WARN_UNREACHABLE_CODE = YES;
				CLANG_WARN__DUPLICATE_METHOD_MATCH = YES;
				"CODE_SIGN_IDENTITY[sdk=iphoneos*]" = "iPhone Developer";
				COPY_PHASE_STRIP = YES;
				ENABLE_NS_ASSERTIONS = NO;
				ENABLE_STRICT_OBJC_MSGSEND = YES;
				GCC_C_LANGUAGE_STANDARD = gnu99;
				GCC_WARN_64_TO_32_BIT_CONVERSION = YES;
				GCC_WARN_ABOUT_RETURN_TYPE = YES_ERROR;
				GCC_WARN_UNDECLARED_SELECTOR = YES;
				GCC_WARN_UNINITIALIZED_AUTOS = YES_AGGRESSIVE;
				GCC_WARN_UNUSED_FUNCTION = YES;
				GCC_WARN_UNUSED_VARIABLE = YES;
				IPHONEOS_DEPLOYMENT_TARGET = 8.1;
				MTL_ENABLE_DEBUG_INFO = NO;
				SDKROOT = iphoneos;
				TARGETED_DEVICE_FAMILY = "1,2";
				VALIDATE_PRODUCT = YES;
			};
			name = Release;
		};
		927E12A91A0C6D8B002DC6FB /* Debug */ = {
			isa = XCBuildConfiguration;
			buildSettings = {
				ASSETCATALOG_COMPILER_APPICON_NAME = AppIcon;
				CODE_SIGN_IDENTITY = "iPhone Developer";
				"CODE_SIGN_IDENTITY[sdk=iphoneos*]" = "iPhone Developer";
				INFOPLIST_FILE = RabbitProofFence/Info.plist;
				LD_RUNPATH_SEARCH_PATHS = "$(inherited) @executable_path/Frameworks";
				PRODUCT_NAME = "$(TARGET_NAME)";
				PROVISIONING_PROFILE = "";
			};
			name = Debug;
		};
		927E12AA1A0C6D8B002DC6FB /* Release */ = {
			isa = XCBuildConfiguration;
			buildSettings = {
				ASSETCATALOG_COMPILER_APPICON_NAME = AppIcon;
				CODE_SIGN_IDENTITY = "iPhone Developer";
				"CODE_SIGN_IDENTITY[sdk=iphoneos*]" = "iPhone Developer";
				INFOPLIST_FILE = RabbitProofFence/Info.plist;
				LD_RUNPATH_SEARCH_PATHS = "$(inherited) @executable_path/Frameworks";
				PRODUCT_NAME = "$(TARGET_NAME)";
				PROVISIONING_PROFILE = "";
			};
			name = Release;
		};
		927E12AC1A0C6D8B002DC6FB /* Debug */ = {
			isa = XCBuildConfiguration;
			buildSettings = {
				BUNDLE_LOADER = "$(TEST_HOST)";
				FRAMEWORK_SEARCH_PATHS = (
					"$(SDKROOT)/Developer/Library/Frameworks",
					"$(inherited)",
				);
				GCC_PREPROCESSOR_DEFINITIONS = (
					"DEBUG=1",
					"$(inherited)",
				);
				INFOPLIST_FILE = RabbitProofFenceTests/Info.plist;
				LD_RUNPATH_SEARCH_PATHS = "$(inherited) @executable_path/Frameworks @loader_path/Frameworks";
				PRODUCT_NAME = "$(TARGET_NAME)";
				TEST_HOST = "$(BUILT_PRODUCTS_DIR)/RabbitProofFence.app/RabbitProofFence";
			};
			name = Debug;
		};
		927E12AD1A0C6D8B002DC6FB /* Release */ = {
			isa = XCBuildConfiguration;
			buildSettings = {
				BUNDLE_LOADER = "$(TEST_HOST)";
				FRAMEWORK_SEARCH_PATHS = (
					"$(SDKROOT)/Developer/Library/Frameworks",
					"$(inherited)",
				);
				INFOPLIST_FILE = RabbitProofFenceTests/Info.plist;
				LD_RUNPATH_SEARCH_PATHS = "$(inherited) @executable_path/Frameworks @loader_path/Frameworks";
				PRODUCT_NAME = "$(TARGET_NAME)";
				TEST_HOST = "$(BUILT_PRODUCTS_DIR)/RabbitProofFence.app/RabbitProofFence";
			};
			name = Release;
		};
/* End XCBuildConfiguration section */

/* Begin XCConfigurationList section */
		927E12801A0C6D8B002DC6FB /* Build configuration list for PBXProject "RabbitProofFence" */ = {
			isa = XCConfigurationList;
			buildConfigurations = (
				927E12A61A0C6D8B002DC6FB /* Debug */,
				927E12A71A0C6D8B002DC6FB /* Release */,
			);
			defaultConfigurationIsVisible = 0;
			defaultConfigurationName = Release;
		};
		927E12A81A0C6D8B002DC6FB /* Build configuration list for PBXNativeTarget "RabbitProofFence" */ = {
			isa = XCConfigurationList;
			buildConfigurations = (
				927E12A91A0C6D8B002DC6FB /* Debug */,
				927E12AA1A0C6D8B002DC6FB /* Release */,
			);
			defaultConfigurationIsVisible = 0;
			defaultConfigurationName = Release;
		};
		927E12AB1A0C6D8B002DC6FB /* Build configuration list for PBXNativeTarget "RabbitProofFenceTests" */ = {
			isa = XCConfigurationList;
			buildConfigurations = (
				927E12AC1A0C6D8B002DC6FB /* Debug */,
				927E12AD1A0C6D8B002DC6FB /* Release */,
			);
			defaultConfigurationIsVisible = 0;
			defaultConfigurationName = Release;
		};
/* End XCConfigurationList section */
	};
	rootObject = 927E127D1A0C6D8B002DC6FB /* Project object */;
}
